
Microsoft Visual Studio Solution File, Format Version 12.00
# Visual Studio 15
VisualStudioVersion = 15.0.27428.1
MinimumVisualStudioVersion = 10.0.40219.1
Project("{8BC9CEB8-8B4A-11D0-8D11-00A0C91BC942}") = "quicksort_C", "quicksort_C\quicksort_C.vcxproj", "{38CE5113-35BA-41FF-A741-6535D48A8B50}"
EndProject
Global
	GlobalSection(SolutionConfigurationPlatforms) = preSolution
		Debug|x64 = Debug|x64
		Debug|x86 = Debug|x86
		Release|x64 = Release|x64
		Release|x86 = Release|x86
	EndGlobalSection
	GlobalSection(ProjectConfigurationPlatforms) = postSolution
		{38CE5113-35BA-41FF-A741-6535D48A8B50}.Debug|x64.ActiveCfg = Debug|x64
		{38CE5113-35BA-41FF-A741-6535D48A8B50}.Debug|x64.Build.0 = Debug|x64
		{38CE5113-35BA-41FF-A741-6535D48A8B50}.Debug|x86.ActiveCfg = Debug|Win32
		{38CE5113-35BA-41FF-A741-6535D48A8B50}.Debug|x86.Build.0 = Debug|Win32
		{38CE5113-35BA-41FF-A741-6535D48A8B50}.Release|x64.ActiveCfg = Release|x64
		{38CE5113-35BA-41FF-A741-6535D48A8B50}.Release|x64.Build.0 = Release|x64
		{38CE5113-35BA-41FF-A741-6535D48A8B50}.Release|x86.ActiveCfg = Release|Win32
		{38CE5113-35BA-41FF-A741-6535D48A8B50}.Release|x86.Build.0 = Release|Win32
	EndGlobalSection
	GlobalSection(SolutionProperties) = preSolution
		HideSolutionNode = FALSE
	EndGlobalSection
	GlobalSection(ExtensibilityGlobals) = postSolution
		SolutionGuid = {C77CF159-BE83-4CB9-93BF-C0399B1821E1}
	EndGlobalSection
EndGlobal
